
Microsoft Visual Studio Solution File, Format Version 12.00
# Visual Studio 15
VisualStudioVersion = 15.0.28307.136
MinimumVisualStudioVersion = 10.0.40219.1
Project("{FAE04EC0-301F-11D3-BF4B-00C04F79EFBC}") = "VueCS3.Web", "VueCS3.Web\VueCS3.Web.csproj", "{5641056D-33A6-4A08-9C9C-74B2BE63C837}"
EndProject
Global
	GlobalSection(SolutionConfigurationPlatforms) = preSolution
		Debug|Any CPU = Debug|Any CPU
		Release|Any CPU = Release|Any CPU
	EndGlobalSection
	GlobalSection(ProjectConfigurationPlatforms) = postSolution
		{5641056D-33A6-4A08-9C9C-74B2BE63C837}.Debug|Any CPU.ActiveCfg = Debug|Any CPU
		{5641056D-33A6-4A08-9C9C-74B2BE63C837}.Debug|Any CPU.Build.0 = Debug|Any CPU
		{5641056D-33A6-4A08-9C9C-74B2BE63C837}.Release|Any CPU.ActiveCfg = Release|Any CPU
		{5641056D-33A6-4A08-9C9C-74B2BE63C837}.Release|Any CPU.Build.0 = Release|Any CPU
	EndGlobalSection
	GlobalSection(SolutionProperties) = preSolution
		HideSolutionNode = FALSE
	EndGlobalSection
	GlobalSection(ExtensibilityGlobals) = postSolution
		SolutionGuid = {BDC9C4F1-C7E4-4434-BF77-F37CF5FB83A3}
	EndGlobalSection
EndGlobal
